{
  "name": "kospiotr.github.io",
  "lockfileVersion": 3,
  "requires": true,
  "packages": {
    "": {
      "dependencies": {
        "@cloudflare/pages-plugin-static-forms": "^1.0.3"
      }
    },
    "node_modules/@cloudflare/pages-plugin-static-forms": {
      "version": "1.0.3",
      "resolved": "https://registry.npmjs.org/@cloudflare/pages-plugin-static-forms/-/pages-plugin-static-forms-1.0.3.tgz",
      "integrity": "sha512-plt4ZalqAyG01B4PeznTOgrUTKeDmEzq7Tub2Hj7r2ynaAhZhkKUTQS9Ye+hIe7mv+jSIvaabAH7HkTqS/n0PA==",
      "license": "MIT"
    }
  }
}
